
Microsoft Visual Studio Solution File, Format Version 12.00
# Visual Studio Version 17
VisualStudioVersion = 17.0.32014.148
MinimumVisualStudioVersion = 10.0.40219.1
Project("{9A19103F-16F7-4668-BE54-9A1E7A4F7556}") = "BlogApi", "BlogApi.csproj", "{FF751FE3-2E52-4040-89B7-B97E440A6D94}"
EndProject
Project("{FAE04EC0-301F-11D3-BF4B-00C04F79EFBC}") = "BlogApi.IntegrationTests", "..\BlogApi.IntegrationTests\BlogApi.IntegrationTests.csproj", "{F3A7F9E1-F362-40BA-9DDC-7FD92E820B6C}"
EndProject
Global
	GlobalSection(SolutionConfigurationPlatforms) = preSolution
		Debug|Any CPU = Debug|Any CPU
		Release|Any CPU = Release|Any CPU
	EndGlobalSection
	GlobalSection(ProjectConfigurationPlatforms) = postSolution
		{FF751FE3-2E52-4040-89B7-B97E440A6D94}.Debug|Any CPU.ActiveCfg = Debug|Any CPU
		{FF751FE3-2E52-4040-89B7-B97E440A6D94}.Debug|Any CPU.Build.0 = Debug|Any CPU
		{FF751FE3-2E52-4040-89B7-B97E440A6D94}.Release|Any CPU.ActiveCfg = Release|Any CPU
		{FF751FE3-2E52-4040-89B7-B97E440A6D94}.Release|Any CPU.Build.0 = Release|Any CPU
		{F3A7F9E1-F362-40BA-9DDC-7FD92E820B6C}.Debug|Any CPU.ActiveCfg = Debug|Any CPU
		{F3A7F9E1-F362-40BA-9DDC-7FD92E820B6C}.Debug|Any CPU.Build.0 = Debug|Any CPU
		{F3A7F9E1-F362-40BA-9DDC-7FD92E820B6C}.Release|Any CPU.ActiveCfg = Release|Any CPU
		{F3A7F9E1-F362-40BA-9DDC-7FD92E820B6C}.Release|Any CPU.Build.0 = Release|Any CPU
	EndGlobalSection
	GlobalSection(SolutionProperties) = preSolution
		HideSolutionNode = FALSE
	EndGlobalSection
	GlobalSection(ExtensibilityGlobals) = postSolution
		SolutionGuid = {C7A06133-F0D0-4406-97A5-1E117415B811}
	EndGlobalSection
EndGlobal
